# THIS IS AN AUTOGENERATED FILE. DO NOT EDIT THIS FILE DIRECTLY.
# yarn lockfile v1


moment@2.3.x:
  version "2.3.1"
  resolved "https://registry.yarnpkg.com/moment/-/moment-2.3.1.tgz#da73d70f62656bb5b7eaf0387f793bf6121312e3"

typogr@0.5.x:
  version "0.5.2"
  resolved "https://registry.yarnpkg.com/typogr/-/typogr-0.5.2.tgz#a4576ee7e3496a05b56129f978857c89147b71eb"

underscore@1.4.x:
  version "1.4.4"
  resolved "https://registry.yarnpkg.com/underscore/-/underscore-1.4.4.tgz#61a6a32010622afa07963bf325203cf12239d604"
